// !$*UTF8*$!
{
	archiveVersion = 1;
	classes = {
	};
	objectVersion = 50;
	objects = {

/* Begin PBXBuildFile section */
		EC414F1625E4DD11006CCE20 /* ym_webviewsdk_ios.framework in Frameworks */ = {isa = PBXBuildFile; fileRef = EC414F0C25E4DD11006CCE20 /* ym_webviewsdk_ios.framework */; };
		EC414F1B25E4DD11006CCE20 /* ym_webviewsdk_iosTests.swift in Sources */ = {isa = PBXBuildFile; fileRef = EC414F1A25E4DD11006CCE20 /* ym_webviewsdk_iosTests.swift */; };
		EC414F1D25E4DD11006CCE20 /* ym_webviewsdk_ios.h in Headers */ = {isa = PBXBuildFile; fileRef = EC414F0F25E4DD11006CCE20 /* ym_webviewsdk_ios.h */; settings = {ATTRIBUTES = (Public, ); }; };
		EC414F2F25E4DD51006CCE20 /* YmBotPlugin.swift in Sources */ = {isa = PBXBuildFile; fileRef = EC414F2825E4DD51006CCE20 /* YmBotPlugin.swift */; };
		EC414F3225E4DD51006CCE20 /* Image.swift in Sources */ = {isa = PBXBuildFile; fileRef = EC414F2B25E4DD51006CCE20 /* Image.swift */; };
		EC414F3325E4DD51006CCE20 /* webview_sdk_iOS.h in Headers */ = {isa = PBXBuildFile; fileRef = EC414F2C25E4DD51006CCE20 /* webview_sdk_iOS.h */; };
		EC414F3425E4DD51006CCE20 /* YmEvents.swift in Sources */ = {isa = PBXBuildFile; fileRef = EC414F2D25E4DD51006CCE20 /* YmEvents.swift */; };
		EC414F3525E4DD51006CCE20 /* YmSDK.swift in Sources */ = {isa = PBXBuildFile; fileRef = EC414F2E25E4DD51006CCE20 /* YmSDK.swift */; };
/* End PBXBuildFile section */

/* Begin PBXContainerItemProxy section */
		EC414F1725E4DD11006CCE20 /* PBXContainerItemProxy */ = {
			isa = PBXContainerItemProxy;
			containerPortal = EC414F0325E4DD11006CCE20 /* Project object */;
			proxyType = 1;
			remoteGlobalIDString = EC414F0B25E4DD11006CCE20;
			remoteInfo = ym_webviewsdk_ios;
		};
/* End PBXContainerItemProxy section */

/* Begin PBXFileReference section */
		EC414F0C25E4DD11006CCE20 /* ym_webviewsdk_ios.framework */ = {isa = PBXFileReference; explicitFileType = wrapper.framework; includeInIndex = 0; path = ym_webviewsdk_ios.framework; sourceTree = BUILT_PRODUCTS_DIR; };
		EC414F0F25E4DD11006CCE20 /* ym_webviewsdk_ios.h */ = {isa = PBXFileReference; lastKnownFileType = sourcecode.c.h; path = ym_webviewsdk_ios.h; sourceTree = "<group>"; };
		EC414F1025E4DD11006CCE20 /* Info.plist */ = {isa = PBXFileReference; lastKnownFileType = text.plist.xml; path = Info.plist; sourceTree = "<group>"; };
		EC414F1525E4DD11006CCE20 /* ym_webviewsdk_iosTests.xctest */ = {isa = PBXFileReference; explicitFileType = wrapper.cfbundle; includeInIndex = 0; path = ym_webviewsdk_iosTests.xctest; sourceTree = BUILT_PRODUCTS_DIR; };
		EC414F1A25E4DD11006CCE20 /* ym_webviewsdk_iosTests.swift */ = {isa = PBXFileReference; lastKnownFileType = sourcecode.swift; path = ym_webviewsdk_iosTests.swift; sourceTree = "<group>"; };
		EC414F1C25E4DD11006CCE20 /* Info.plist */ = {isa = PBXFileReference; lastKnownFileType = text.plist.xml; path = Info.plist; sourceTree = "<group>"; };
		EC414F2825E4DD51006CCE20 /* YmBotPlugin.swift */ = {isa = PBXFileReference; fileEncoding = 4; lastKnownFileType = sourcecode.swift; path = YmBotPlugin.swift; sourceTree = "<group>"; };
		EC414F2925E4DD51006CCE20 /* Assets.xcassets */ = {isa = PBXFileReference; lastKnownFileType = folder.assetcatalog; path = Assets.xcassets; sourceTree = "<group>"; };
		EC414F2A25E4DD51006CCE20 /* Info.plist */ = {isa = PBXFileReference; fileEncoding = 4; lastKnownFileType = text.plist.xml; name = Info.plist; path = ../../../pod_tests/webview_sdk_iOS/webview_sdk_iOS/Info.plist; sourceTree = "<group>"; };
		EC414F2B25E4DD51006CCE20 /* Image.swift */ = {isa = PBXFileReference; fileEncoding = 4; lastKnownFileType = sourcecode.swift; path = Image.swift; sourceTree = "<group>"; };
		EC414F2C25E4DD51006CCE20 /* webview_sdk_iOS.h */ = {isa = PBXFileReference; fileEncoding = 4; lastKnownFileType = sourcecode.c.h; path = webview_sdk_iOS.h; sourceTree = "<group>"; };
		EC414F2D25E4DD51006CCE20 /* YmEvents.swift */ = {isa = PBXFileReference; fileEncoding = 4; lastKnownFileType = sourcecode.swift; path = YmEvents.swift; sourceTree = "<group>"; };
		EC414F2E25E4DD51006CCE20 /* YmSDK.swift */ = {isa = PBXFileReference; fileEncoding = 4; lastKnownFileType = sourcecode.swift; path = YmSDK.swift; sourceTree = "<group>"; };
/* End PBXFileReference section */

/* Begin PBXFrameworksBuildPhase section */
		EC414F0925E4DD11006CCE20 /* Frameworks */ = {
			isa = PBXFrameworksBuildPhase;
			buildActionMask = 2147483647;
			files = (
			);
			runOnlyForDeploymentPostprocessing = 0;
		};
		EC414F1225E4DD11006CCE20 /* Frameworks */ = {
			isa = PBXFrameworksBuildPhase;
			buildActionMask = 2147483647;
			files = (
				EC414F1625E4DD11006CCE20 /* ym_webviewsdk_ios.framework in Frameworks */,
			);
			runOnlyForDeploymentPostprocessing = 0;
		};
/* End PBXFrameworksBuildPhase section */

/* Begin PBXGroup section */
		EC414F0225E4DD11006CCE20 = {
			isa = PBXGroup;
			children = (
				EC414F0E25E4DD11006CCE20 /* ym_webviewsdk_ios */,
				EC414F1925E4DD11006CCE20 /* ym_webviewsdk_iosTests */,
				EC414F0D25E4DD11006CCE20 /* Products */,
			);
			sourceTree = "<group>";
		};
		EC414F0D25E4DD11006CCE20 /* Products */ = {
			isa = PBXGroup;
			children = (
				EC414F0C25E4DD11006CCE20 /* ym_webviewsdk_ios.framework */,
				EC414F1525E4DD11006CCE20 /* ym_webviewsdk_iosTests.xctest */,
			);
			name = Products;
			sourceTree = "<group>";
		};
		EC414F0E25E4DD11006CCE20 /* ym_webviewsdk_ios */ = {
			isa = PBXGroup;
			children = (
				EC414F2925E4DD51006CCE20 /* Assets.xcassets */,
				EC414F2B25E4DD51006CCE20 /* Image.swift */,
				EC414F2A25E4DD51006CCE20 /* Info.plist */,
				EC414F2C25E4DD51006CCE20 /* webview_sdk_iOS.h */,
				EC414F2825E4DD51006CCE20 /* YmBotPlugin.swift */,
				EC414F2D25E4DD51006CCE20 /* YmEvents.swift */,
				EC414F2E25E4DD51006CCE20 /* YmSDK.swift */,
				EC414F0F25E4DD11006CCE20 /* ym_webviewsdk_ios.h */,
				EC414F1025E4DD11006CCE20 /* Info.plist */,
			);
			path = ym_webviewsdk_ios;
			sourceTree = "<group>";
		};
		EC414F1925E4DD11006CCE20 /* ym_webviewsdk_iosTests */ = {
			isa = PBXGroup;
			children = (
				EC414F1A25E4DD11006CCE20 /* ym_webviewsdk_iosTests.swift */,
				EC414F1C25E4DD11006CCE20 /* Info.plist */,
			);
			path = ym_webviewsdk_iosTests;
			sourceTree = "<group>";
		};
/* End PBXGroup section */

/* Begin PBXHeadersBuildPhase section */
		EC414F0725E4DD11006CCE20 /* Headers */ = {
			isa = PBXHeadersBuildPhase;
			buildActionMask = 2147483647;
			files = (
				EC414F1D25E4DD11006CCE20 /* ym_webviewsdk_ios.h in Headers */,
				EC414F3325E4DD51006CCE20 /* webview_sdk_iOS.h in Headers */,
			);
			runOnlyForDeploymentPostprocessing = 0;
		};
/* End PBXHeadersBuildPhase section */

/* Begin PBXNativeTarget section */
		EC414F0B25E4DD11006CCE20 /* ym_webviewsdk_ios */ = {
			isa = PBXNativeTarget;
			buildConfigurationList = EC414F2025E4DD11006CCE20 /* Build configuration list for PBXNativeTarget "ym_webviewsdk_ios" */;
			buildPhases = (
				EC414F0725E4DD11006CCE20 /* Headers */,
				EC414F0825E4DD11006CCE20 /* Sources */,
				EC414F0925E4DD11006CCE20 /* Frameworks */,
			);
			buildRules = (
			);
			dependencies = (
			);
			name = ym_webviewsdk_ios;
			productName = ym_webviewsdk_ios;
			productReference = EC414F0C25E4DD11006CCE20 /* ym_webviewsdk_ios.framework */;
			productType = "com.apple.product-type.framework";
		};
		EC414F1425E4DD11006CCE20 /* ym_webviewsdk_iosTests */ = {
			isa = PBXNativeTarget;
			buildConfigurationList = EC414F2325E4DD11006CCE20 /* Build configuration list for PBXNativeTarget "ym_webviewsdk_iosTests" */;
			buildPhases = (
				EC414F1125E4DD11006CCE20 /* Sources */,
				EC414F1225E4DD11006CCE20 /* Frameworks */,
				EC414F1325E4DD11006CCE20 /* Resources */,
			);
			buildRules = (
			);
			dependencies = (
				EC414F1825E4DD11006CCE20 /* PBXTargetDependency */,
			);
			name = ym_webviewsdk_iosTests;
			productName = ym_webviewsdk_iosTests;
			productReference = EC414F1525E4DD11006CCE20 /* ym_webviewsdk_iosTests.xctest */;
			productType = "com.apple.product-type.bundle.unit-test";
		};
/* End PBXNativeTarget section */

/* Begin PBXProject section */
		EC414F0325E4DD11006CCE20 /* Project object */ = {
			isa = PBXProject;
			attributes = {
				LastSwiftUpdateCheck = 1220;
				LastUpgradeCheck = 1220;
				TargetAttributes = {
					EC414F0B25E4DD11006CCE20 = {
						CreatedOnToolsVersion = 12.2;
						LastSwiftMigration = 1220;
					};
					EC414F1425E4DD11006CCE20 = {
						CreatedOnToolsVersion = 12.2;
					};
				};
			};
			buildConfigurationList = EC414F0625E4DD11006CCE20 /* Build configuration list for PBXProject "ym_webviewsdk_ios" */;
			compatibilityVersion = "Xcode 9.3";
			developmentRegion = en;
			hasScannedForEncodings = 0;
			knownRegions = (
				en,
				Base,
			);
			mainGroup = EC414F0225E4DD11006CCE20;
			productRefGroup = EC414F0D25E4DD11006CCE20 /* Products */;
			projectDirPath = "";
			projectRoot = "";
			targets = (
				EC414F0B25E4DD11006CCE20 /* ym_webviewsdk_ios */,
				EC414F1425E4DD11006CCE20 /* ym_webviewsdk_iosTests */,
			);
		};
/* End PBXProject section */

/* Begin PBXResourcesBuildPhase section */
		EC414F1325E4DD11006CCE20 /* Resources */ = {
			isa = PBXResourcesBuildPhase;
			buildActionMask = 2147483647;
			files = (
			);
			runOnlyForDeploymentPostprocessing = 0;
		};
/* End PBXResourcesBuildPhase section */

/* Begin PBXSourcesBuildPhase section */
		EC414F0825E4DD11006CCE20 /* Sources */ = {
			isa = PBXSourcesBuildPhase;
			buildActionMask = 2147483647;
			files = (
				EC414F2F25E4DD51006CCE20 /* YmBotPlugin.swift in Sources */,
				EC414F3425E4DD51006CCE20 /* YmEvents.swift in Sources */,
				EC414F3525E4DD51006CCE20 /* YmSDK.swift in Sources */,
				EC414F3225E4DD51006CCE20 /* Image.swift in Sources */,
			);
			runOnlyForDeploymentPostprocessing = 0;
		};
		EC414F1125E4DD11006CCE20 /* Sources */ = {
			isa = PBXSourcesBuildPhase;
			buildActionMask = 2147483647;
			files = (
				EC414F1B25E4DD11006CCE20 /* ym_webviewsdk_iosTests.swift in Sources */,
			);
			runOnlyForDeploymentPostprocessing = 0;
		};
/* End PBXSourcesBuildPhase section */

/* Begin PBXTargetDependency section */
		EC414F1825E4DD11006CCE20 /* PBXTargetDependency */ = {
			isa = PBXTargetDependency;
			target = EC414F0B25E4DD11006CCE20 /* ym_webviewsdk_ios */;
			targetProxy = EC414F1725E4DD11006CCE20 /* PBXContainerItemProxy */;
		};
/* End PBXTargetDependency section */

/* Begin XCBuildConfiguration section */
		EC414F1E25E4DD11006CCE20 /* Debug */ = {
			isa = XCBuildConfiguration;
			buildSettings = {
				ALWAYS_SEARCH_USER_PATHS = NO;
				CLANG_ANALYZER_NONNULL = YES;
				CLANG_ANALYZER_NUMBER_OBJECT_CONVERSION = YES_AGGRESSIVE;
				CLANG_CXX_LANGUAGE_STANDARD = "gnu++14";
				CLANG_CXX_LIBRARY = "libc++";
				CLANG_ENABLE_MODULES = YES;
				CLANG_ENABLE_OBJC_ARC = YES;
				CLANG_ENABLE_OBJC_WEAK = YES;
				CLANG_WARN_BLOCK_CAPTURE_AUTORELEASING = YES;
				CLANG_WARN_BOOL_CONVERSION = YES;
				CLANG_WARN_COMMA = YES;
				CLANG_WARN_CONSTANT_CONVERSION = YES;
				CLANG_WARN_DEPRECATED_OBJC_IMPLEMENTATIONS = YES;
				CLANG_WARN_DIRECT_OBJC_ISA_USAGE = YES_ERROR;
				CLANG_WARN_DOCUMENTATION_COMMENTS = YES;
				CLANG_WARN_EMPTY_BODY = YES;
				CLANG_WARN_ENUM_CONVERSION = YES;
				CLANG_WARN_INFINITE_RECURSION = YES;
				CLANG_WARN_INT_CONVERSION = YES;
				CLANG_WARN_NON_LITERAL_NULL_CONVERSION = YES;
				CLANG_WARN_OBJC_IMPLICIT_RETAIN_SELF = YES;
				CLANG_WARN_OBJC_LITERAL_CONVERSION = YES;
				CLANG_WARN_OBJC_ROOT_CLASS = YES_ERROR;
				CLANG_WARN_QUOTED_INCLUDE_IN_FRAMEWORK_HEADER = YES;
				CLANG_WARN_RANGE_LOOP_ANALYSIS = YES;
				CLANG_WARN_STRICT_PROTOTYPES = YES;
				CLANG_WARN_SUSPICIOUS_MOVE = YES;
				CLANG_WARN_UNGUARDED_AVAILABILITY = YES_AGGRESSIVE;
				CLANG_WARN_UNREACHABLE_CODE = YES;
				CLANG_WARN__DUPLICATE_METHOD_MATCH = YES;
				COPY_PHASE_STRIP = NO;
				CURRENT_PROJECT_VERSION = 1;
				DEBUG_INFORMATION_FORMAT = dwarf;
				ENABLE_STRICT_OBJC_MSGSEND = YES;
				ENABLE_TESTABILITY = YES;
				GCC_C_LANGUAGE_STANDARD = gnu11;
				GCC_DYNAMIC_NO_PIC = NO;
				GCC_NO_COMMON_BLOCKS = YES;
				GCC_OPTIMIZATION_LEVEL = 0;
				GCC_PREPROCESSOR_DEFINITIONS = (
					"DEBUG=1",
					"$(inherited)",
				);
				GCC_WARN_64_TO_32_BIT_CONVERSION = YES;
				GCC_WARN_ABOUT_RETURN_TYPE = YES_ERROR;
				GCC_WARN_UNDECLARED_SELECTOR = YES;
				GCC_WARN_UNINITIALIZED_AUTOS = YES_AGGRESSIVE;
				GCC_WARN_UNUSED_FUNCTION = YES;
				GCC_WARN_UNUSED_VARIABLE = YES;
				IPHONEOS_DEPLOYMENT_TARGET = 14.2;
				MTL_ENABLE_DEBUG_INFO = INCLUDE_SOURCE;
				MTL_FAST_MATH = YES;
				ONLY_ACTIVE_ARCH = YES;
				SDKROOT = iphoneos;
				SWIFT_ACTIVE_COMPILATION_CONDITIONS = DEBUG;
				SWIFT_OPTIMIZATION_LEVEL = "-Onone";
				VERSIONING_SYSTEM = "apple-generic";
				VERSION_INFO_PREFIX = "";
			};
			name = Debug;
		};
		EC414F1F25E4DD11006CCE20 /* Release */ = {
			isa = XCBuildConfiguration;
			buildSettings = {
				ALWAYS_SEARCH_USER_PATHS = NO;
				CLANG_ANALYZER_NONNULL = YES;
				CLANG_ANALYZER_NUMBER_OBJECT_CONVERSION = YES_AGGRESSIVE;
				CLANG_CXX_LANGUAGE_STANDARD = "gnu++14";
				CLANG_CXX_LIBRARY = "libc++";
				CLANG_ENABLE_MODULES = YES;
				CLANG_ENABLE_OBJC_ARC = YES;
				CLANG_ENABLE_OBJC_WEAK = YES;
				CLANG_WARN_BLOCK_CAPTURE_AUTORELEASING = YES;
				CLANG_WARN_BOOL_CONVERSION = YES;
				CLANG_WARN_COMMA = YES;
				CLANG_WARN_CONSTANT_CONVERSION = YES;
				CLANG_WARN_DEPRECATED_OBJC_IMPLEMENTATIONS = YES;
				CLANG_WARN_DIRECT_OBJC_ISA_USAGE = YES_ERROR;
				CLANG_WARN_DOCUMENTATION_COMMENTS = YES;
				CLANG_WARN_EMPTY_BODY = YES;
				CLANG_WARN_ENUM_CONVERSION = YES;
				CLANG_WARN_INFINITE_RECURSION = YES;
				CLANG_WARN_INT_CONVERSION = YES;
				CLANG_WARN_NON_LITERAL_NULL_CONVERSION = YES;
				CLANG_WARN_OBJC_IMPLICIT_RETAIN_SELF = YES;
				CLANG_WARN_OBJC_LITERAL_CONVERSION = YES;
				CLANG_WARN_OBJC_ROOT_CLASS = YES_ERROR;
				CLANG_WARN_QUOTED_INCLUDE_IN_FRAMEWORK_HEADER = YES;
				CLANG_WARN_RANGE_LOOP_ANALYSIS = YES;
				CLANG_WARN_STRICT_PROTOTYPES = YES;
				CLANG_WARN_SUSPICIOUS_MOVE = YES;
				CLANG_WARN_UNGUARDED_AVAILABILITY = YES_AGGRESSIVE;
				CLANG_WARN_UNREACHABLE_CODE = YES;
				CLANG_WARN__DUPLICATE_METHOD_MATCH = YES;
				COPY_PHASE_STRIP = NO;
				CURRENT_PROJECT_VERSION = 1;
				DEBUG_INFORMATION_FORMAT = "dwarf-with-dsym";
				ENABLE_NS_ASSERTIONS = NO;
				ENABLE_STRICT_OBJC_MSGSEND = YES;
				GCC_C_LANGUAGE_STANDARD = gnu11;
				GCC_NO_COMMON_BLOCKS = YES;
				GCC_WARN_64_TO_32_BIT_CONVERSION = YES;
				GCC_WARN_ABOUT_RETURN_TYPE = YES_ERROR;
				GCC_WARN_UNDECLARED_SELECTOR = YES;
				GCC_WARN_UNINITIALIZED_AUTOS = YES_AGGRESSIVE;
				GCC_WARN_UNUSED_FUNCTION = YES;
				GCC_WARN_UNUSED_VARIABLE = YES;
				IPHONEOS_DEPLOYMENT_TARGET = 14.2;
				MTL_ENABLE_DEBUG_INFO = NO;
				MTL_FAST_MATH = YES;
				SDKROOT = iphoneos;
				SWIFT_COMPILATION_MODE = wholemodule;
				SWIFT_OPTIMIZATION_LEVEL = "-O";
				VALIDATE_PRODUCT = YES;
				VERSIONING_SYSTEM = "apple-generic";
				VERSION_INFO_PREFIX = "";
			};
			name = Release;
		};
		EC414F2125E4DD11006CCE20 /* Debug */ = {
			isa = XCBuildConfiguration;
			buildSettings = {
				CLANG_ENABLE_MODULES = YES;
				CODE_SIGN_STYLE = Automatic;
				DEFINES_MODULE = YES;
				DYLIB_COMPATIBILITY_VERSION = 1;
				DYLIB_CURRENT_VERSION = 1;
				DYLIB_INSTALL_NAME_BASE = "@rpath";
				INFOPLIST_FILE = ym_webviewsdk_ios/Info.plist;
				INSTALL_PATH = "$(LOCAL_LIBRARY_DIR)/Frameworks";
				LD_RUNPATH_SEARCH_PATHS = (
					"$(inherited)",
					"@executable_path/Frameworks",
					"@loader_path/Frameworks",
				);
				PRODUCT_BUNDLE_IDENTIFIER = "Learn.ym-webviewsdk-ios";
				PRODUCT_NAME = "$(TARGET_NAME:c99extidentifier)";
				SKIP_INSTALL = YES;
				SWIFT_OPTIMIZATION_LEVEL = "-Onone";
				SWIFT_VERSION = 5.0;
				TARGETED_DEVICE_FAMILY = "1,2";
			};
			name = Debug;
		};
		EC414F2225E4DD11006CCE20 /* Release */ = {
			isa = XCBuildConfiguration;
			buildSettings = {
				CLANG_ENABLE_MODULES = YES;
				CODE_SIGN_STYLE = Automatic;
				DEFINES_MODULE = YES;
				DYLIB_COMPATIBILITY_VERSION = 1;
				DYLIB_CURRENT_VERSION = 1;
				DYLIB_INSTALL_NAME_BASE = "@rpath";
				INFOPLIST_FILE = ym_webviewsdk_ios/Info.plist;
				INSTALL_PATH = "$(LOCAL_LIBRARY_DIR)/Frameworks";
				LD_RUNPATH_SEARCH_PATHS = (
					"$(inherited)",
					"@executable_path/Frameworks",
					"@loader_path/Frameworks",
				);
				PRODUCT_BUNDLE_IDENTIFIER = "Learn.ym-webviewsdk-ios";
				PRODUCT_NAME = "$(TARGET_NAME:c99extidentifier)";
				SKIP_INSTALL = YES;
				SWIFT_VERSION = 5.0;
				TARGETED_DEVICE_FAMILY = "1,2";
			};
			name = Release;
		};
		EC414F2425E4DD11006CCE20 /* Debug */ = {
			isa = XCBuildConfiguration;
			buildSettings = {
				ALWAYS_EMBED_SWIFT_STANDARD_LIBRARIES = YES;
				CODE_SIGN_STYLE = Automatic;
				INFOPLIST_FILE = ym_webviewsdk_iosTests/Info.plist;
				LD_RUNPATH_SEARCH_PATHS = (
					"$(inherited)",
					"@executable_path/Frameworks",
					"@loader_path/Frameworks",
				);
				PRODUCT_BUNDLE_IDENTIFIER = "Learn.ym-webviewsdk-iosTests";
				PRODUCT_NAME = "$(TARGET_NAME)";
				SWIFT_VERSION = 5.0;
				TARGETED_DEVICE_FAMILY = "1,2";
			};
			name = Debug;
		};
		EC414F2525E4DD11006CCE20 /* Release */ = {
			isa = XCBuildConfiguration;
			buildSettings = {
				ALWAYS_EMBED_SWIFT_STANDARD_LIBRARIES = YES;
				CODE_SIGN_STYLE = Automatic;
				INFOPLIST_FILE = ym_webviewsdk_iosTests/Info.plist;
				LD_RUNPATH_SEARCH_PATHS = (
					"$(inherited)",
					"@executable_path/Frameworks",
					"@loader_path/Frameworks",
				);
				PRODUCT_BUNDLE_IDENTIFIER = "Learn.ym-webviewsdk-iosTests";
				PRODUCT_NAME = "$(TARGET_NAME)";
				SWIFT_VERSION = 5.0;
				TARGETED_DEVICE_FAMILY = "1,2";
			};
			name = Release;
		};
/* End XCBuildConfiguration section */

/* Begin XCConfigurationList section */
		EC414F0625E4DD11006CCE20 /* Build configuration list for PBXProject "ym_webviewsdk_ios" */ = {
			isa = XCConfigurationList;
			buildConfigurations = (
				EC414F1E25E4DD11006CCE20 /* Debug */,
				EC414F1F25E4DD11006CCE20 /* Release */,
			);
			defaultConfigurationIsVisible = 0;
			defaultConfigurationName = Release;
		};
		EC414F2025E4DD11006CCE20 /* Build configuration list for PBXNativeTarget "ym_webviewsdk_ios" */ = {
			isa = XCConfigurationList;
			buildConfigurations = (
				EC414F2125E4DD11006CCE20 /* Debug */,
				EC414F2225E4DD11006CCE20 /* Release */,
			);
			defaultConfigurationIsVisible = 0;
			defaultConfigurationName = Release;
		};
		EC414F2325E4DD11006CCE20 /* Build configuration list for PBXNativeTarget "ym_webviewsdk_iosTests" */ = {
			isa = XCConfigurationList;
			buildConfigurations = (
				EC414F2425E4DD11006CCE20 /* Debug */,
				EC414F2525E4DD11006CCE20 /* Release */,
			);
			defaultConfigurationIsVisible = 0;
			defaultConfigurationName = Release;
		};
/* End XCConfigurationList section */
	};
	rootObject = EC414F0325E4DD11006CCE20 /* Project object */;
}
